
Microsoft Visual Studio Solution File, Format Version 12.00
# Visual Studio Version 16
VisualStudioVersion = 16.0.31321.278
MinimumVisualStudioVersion = 10.0.40219.1
Project("{FAE04EC0-301F-11D3-BF4B-00C04F79EFBC}") = "HealthApp", "acilis\HealthApp.csproj", "{DDA14561-D79D-4CAB-A1CA-8DB87E9CB8CB}"
EndProject
Global
	GlobalSection(SolutionConfigurationPlatforms) = preSolution
		Debug|Any CPU = Debug|Any CPU
		Release|Any CPU = Release|Any CPU
	EndGlobalSection
	GlobalSection(ProjectConfigurationPlatforms) = postSolution
		{DDA14561-D79D-4CAB-A1CA-8DB87E9CB8CB}.Debug|Any CPU.ActiveCfg = Debug|Any CPU
		{DDA14561-D79D-4CAB-A1CA-8DB87E9CB8CB}.Debug|Any CPU.Build.0 = Debug|Any CPU
		{DDA14561-D79D-4CAB-A1CA-8DB87E9CB8CB}.Release|Any CPU.ActiveCfg = Release|Any CPU
		{DDA14561-D79D-4CAB-A1CA-8DB87E9CB8CB}.Release|Any CPU.Build.0 = Release|Any CPU
	EndGlobalSection
	GlobalSection(SolutionProperties) = preSolution
		HideSolutionNode = FALSE
	EndGlobalSection
	GlobalSection(ExtensibilityGlobals) = postSolution
		SolutionGuid = {D2EA5411-AB0F-4F25-A97A-2EAC07352B12}
	EndGlobalSection
EndGlobal
